# Generated by pub
# See https://dart.dev/tools/pub/glossary#lockfile
packages:
  binary:
    dependency: "direct main"
    description:
      name: binary
      sha256: "9e095f2f1c94f06501352c8621f12d055da1c945dffae933ed0ae7fa5eeba046"
      url: "https://pub.dev"
    source: hosted
    version: "4.0.0"
  meta:
    dependency: transitive
    description:
      name: meta
      sha256: "9f29b9bcc8ee287b1a31e0d01be0eae99a930dbffdaecf04b3f3d82a969f296f"
      url: "https://pub.dev"
    source: hosted
    version: "1.18.1"
  path:
    dependency: "direct main"
    description:
      name: path
      sha256: "75cca69d1490965be98c73ceaea117e8a04dd21217b37b292c9ddbec0d955bc5"
      url: "https://pub.dev"
    source: hosted
    version: "1.9.1"
sdks:
  dart: ">=3.5.0 <4.0.0"
